
Microsoft Visual Studio Solution File, Format Version 12.00
Project("{FAE04EC0-301F-11D3-BF4B-00C04F79EFBC}") = "Cwiczenia_12_API", "Cwiczenia_12_API\Cwiczenia_12_API.csproj", "{D993EC9B-3FEB-4152-A146-49AC463EAFA2}"
EndProject
Global
	GlobalSection(SolutionConfigurationPlatforms) = preSolution
		Debug|Any CPU = Debug|Any CPU
		Release|Any CPU = Release|Any CPU
	EndGlobalSection
	GlobalSection(ProjectConfigurationPlatforms) = postSolution
		{D993EC9B-3FEB-4152-A146-49AC463EAFA2}.Debug|Any CPU.ActiveCfg = Debug|Any CPU
		{D993EC9B-3FEB-4152-A146-49AC463EAFA2}.Debug|Any CPU.Build.0 = Debug|Any CPU
		{D993EC9B-3FEB-4152-A146-49AC463EAFA2}.Release|Any CPU.ActiveCfg = Release|Any CPU
		{D993EC9B-3FEB-4152-A146-49AC463EAFA2}.Release|Any CPU.Build.0 = Release|Any CPU
	EndGlobalSection
EndGlobal
